# This file was autogenerated by Stack.
# You should not edit this file by hand.
# For more information, please see the documentation at:
#   https://docs.haskellstack.org/en/stable/lock_files

packages:
- completed:
    pantry-tree:
      sha256: 677ee9598c5dedb3ef8959c26a6c65f29b3e1e3c5e83433921aef17d86a22d50
      size: 535
    hackage: svg-builder-0.1.1@sha256:22de54d326a6b6912e461e1302edb9108b02aac0b6a6368fcdc3c4a224d487fd,1440
  original:
    hackage: svg-builder-0.1.1@sha256:22de54d326a6b6912e461e1302edb9108b02aac0b6a6368fcdc3c4a224d487fd,1440
snapshots:
- completed:
    sha256: 0ced7f93245307212900d760c1322dfb527c4b902868c11ccac37f48b7d4ebb9
    size: 619200
    url: https://raw.githubusercontent.com/commercialhaskell/stackage-snapshots/master/lts/19/29.yaml
  original: lts-19.29
